schema = "reprobuild.solved-graph-lock.v2"

[lock]
platform = "amd64-linux"
optimal = false
inputs_digest = "fnv1a64:cbf29ce484222325"
variants = []
packages = []
deps = [{ name = "codetracer-design-system", path = "../codetracer-design-system", coord_kind = "vcs", url = "https://github.com/metacraft-labs/codetracer-design-system", ref = "agents", revision = "41124ee16176fab1b728d69da191ec0a3b4299ce", integrity = "git-sha1:41124ee16176fab1b728d69da191ec0a3b4299ce", version = "", visibility = "public", participation = "", depends = "", tags = "" }, { name = "isonim", path = "../isonim", coord_kind = "vcs", url = "https://github.com/metacraft-labs/isonim", ref = "agents-to-dev-2026-10-03", revision = "bb0ff1a2dc94f844ce7eb2ae61c42e54a54fd071", integrity = "git-sha1:bb0ff1a2dc94f844ce7eb2ae61c42e54a54fd071", version = "", visibility = "public", participation = "", depends = "", tags = "" }, { name = "isonim-docs", path = ".", coord_kind = "vcs", url = "https://github.com/metacraft-labs/isonim-docs", ref = "agents", revision = "73347c5c9e00bff9233d0381a04d7fb759809e7a", integrity = "git-sha1:73347c5c9e00bff9233d0381a04d7fb759809e7a", version = "", visibility = "public", participation = "", depends = "codetracer-design-system,isonim,nim-everywhere,nim-faststreams,nim-stew", tags = "" }, { name = "nim-everywhere", path = "../nim-everywhere", coord_kind = "vcs", url = "https://github.com/metacraft-labs/nim-everywhere", ref = "agents-to-dev-2026-10-03", revision = "7e9f89599bba91ba75a1dd3426d926f67e5e612e", integrity = "git-sha1:7e9f89599bba91ba75a1dd3426d926f67e5e612e", version = "", visibility = "public", participation = "", depends = "", tags = "" }, { name = "nim-faststreams", path = "../nim-faststreams", coord_kind = "vcs", url = "https://github.com/metacraft-labs/nim-faststreams", ref = "agents", revision = "bf59d7dcfc7631c127fdff068b967a7a07309e07", integrity = "git-sha1:bf59d7dcfc7631c127fdff068b967a7a07309e07", version = "", visibility = "public", participation = "", depends = "", tags = "" }, { name = "nim-stew", path = "../nim-stew", coord_kind = "vcs", url = "https://github.com/metacraft-labs/nim-stew", ref = "agents", revision = "cc405401637dc7a32bea708374e26e33f6deca44", integrity = "git-sha1:cc405401637dc7a32bea708374e26e33f6deca44", version = "", visibility = "public", participation = "", depends = "", tags = "" }]
